
Microsoft Visual Studio Solution File, Format Version 12.00
# Visual Studio Version 17
VisualStudioVersion = 17.8.34309.116
MinimumVisualStudioVersion = 10.0.40219.1
Project("{9A19103F-16F7-4668-BE54-9A1E7A4F7556}") = "PhoneBook", "PhoneBook\PhoneBook.csproj", "{AD4A8326-43F2-4242-9E78-10075ADC9EC9}"
EndProject
Project("{2150E333-8FDC-42A3-9474-1A3956D46DE8}") = "Solution Items", "Solution Items", "{EFD874FE-5422-40D4-A4D3-798003415B36}"
EndProject
Project("{FAE04EC0-301F-11D3-BF4B-00C04F79EFBC}") = "TestProject", "TestProject\TestProject.csproj", "{8449D1EA-8C8A-442E-AEB2-0E2BA27B56F5}"
EndProject
Global
	GlobalSection(SolutionConfigurationPlatforms) = preSolution
		Debug|Any CPU = Debug|Any CPU
		Release|Any CPU = Release|Any CPU
	EndGlobalSection
	GlobalSection(ProjectConfigurationPlatforms) = postSolution
		{AD4A8326-43F2-4242-9E78-10075ADC9EC9}.Debug|Any CPU.ActiveCfg = Debug|Any CPU
		{AD4A8326-43F2-4242-9E78-10075ADC9EC9}.Debug|Any CPU.Build.0 = Debug|Any CPU
		{AD4A8326-43F2-4242-9E78-10075ADC9EC9}.Release|Any CPU.ActiveCfg = Release|Any CPU
		{AD4A8326-43F2-4242-9E78-10075ADC9EC9}.Release|Any CPU.Build.0 = Release|Any CPU
		{8449D1EA-8C8A-442E-AEB2-0E2BA27B56F5}.Debug|Any CPU.ActiveCfg = Debug|Any CPU
		{8449D1EA-8C8A-442E-AEB2-0E2BA27B56F5}.Debug|Any CPU.Build.0 = Debug|Any CPU
		{8449D1EA-8C8A-442E-AEB2-0E2BA27B56F5}.Release|Any CPU.ActiveCfg = Release|Any CPU
		{8449D1EA-8C8A-442E-AEB2-0E2BA27B56F5}.Release|Any CPU.Build.0 = Release|Any CPU
	EndGlobalSection
	GlobalSection(SolutionProperties) = preSolution
		HideSolutionNode = FALSE
	EndGlobalSection
	GlobalSection(NestedProjects) = preSolution
		{8449D1EA-8C8A-442E-AEB2-0E2BA27B56F5} = {EFD874FE-5422-40D4-A4D3-798003415B36}
	EndGlobalSection
	GlobalSection(ExtensibilityGlobals) = postSolution
		SolutionGuid = {A7FD938A-1E22-4AEF-BC85-4223F3748DC6}
	EndGlobalSection
EndGlobal
